
Microsoft Visual Studio Solution File, Format Version 12.00
# Visual Studio 15
Project("{FAE04EC0-301F-11D3-BF4B-00C04F79EFBC}") = "Assembly-CSharp", "Assembly-CSharp.csproj", "{DAFF5312-E3A1-81C0-78F5-B93DD1BE919B}"
EndProject
Project("{FAE04EC0-301F-11D3-BF4B-00C04F79EFBC}") = "Assembly-CSharp-Editor", "Assembly-CSharp-Editor.csproj", "{0279CE59-B151-2638-FE64-461F0EA227C1}"
EndProject
Global
	GlobalSection(SolutionConfigurationPlatforms) = preSolution
		Debug|Any CPU = Debug|Any CPU
		Release|Any CPU = Release|Any CPU
	EndGlobalSection
	GlobalSection(ProjectConfigurationPlatforms) = postSolution
		{DAFF5312-E3A1-81C0-78F5-B93DD1BE919B}.Debug|Any CPU.ActiveCfg = Debug|Any CPU
		{DAFF5312-E3A1-81C0-78F5-B93DD1BE919B}.Debug|Any CPU.Build.0 = Debug|Any CPU
		{DAFF5312-E3A1-81C0-78F5-B93DD1BE919B}.Release|Any CPU.ActiveCfg = Release|Any CPU
		{DAFF5312-E3A1-81C0-78F5-B93DD1BE919B}.Release|Any CPU.Build.0 = Release|Any CPU
		{0279CE59-B151-2638-FE64-461F0EA227C1}.Debug|Any CPU.ActiveCfg = Debug|Any CPU
		{0279CE59-B151-2638-FE64-461F0EA227C1}.Debug|Any CPU.Build.0 = Debug|Any CPU
		{0279CE59-B151-2638-FE64-461F0EA227C1}.Release|Any CPU.ActiveCfg = Release|Any CPU
		{0279CE59-B151-2638-FE64-461F0EA227C1}.Release|Any CPU.Build.0 = Release|Any CPU
	EndGlobalSection
	GlobalSection(SolutionProperties) = preSolution
		HideSolutionNode = FALSE
	EndGlobalSection
EndGlobal
